
Microsoft Visual Studio Solution File, Format Version 12.00
# Visual Studio Version 17
VisualStudioVersion = 17.9.34407.89
MinimumVisualStudioVersion = 10.0.40219.1
Project("{FAE04EC0-301F-11D3-BF4B-00C04F79EFBC}") = "TWIN_CONTROLLER", "TWIN_CONTROLLER\TWIN_CONTROLLER.csproj", "{FA4D846B-E2FE-44D2-AEB0-5ECC8AA5E045}"
EndProject
Global
	GlobalSection(SolutionConfigurationPlatforms) = preSolution
		Debug|Any CPU = Debug|Any CPU
		Release|Any CPU = Release|Any CPU
	EndGlobalSection
	GlobalSection(ProjectConfigurationPlatforms) = postSolution
		{FA4D846B-E2FE-44D2-AEB0-5ECC8AA5E045}.Debug|Any CPU.ActiveCfg = Debug|Any CPU
		{FA4D846B-E2FE-44D2-AEB0-5ECC8AA5E045}.Debug|Any CPU.Build.0 = Debug|Any CPU
		{FA4D846B-E2FE-44D2-AEB0-5ECC8AA5E045}.Release|Any CPU.ActiveCfg = Release|Any CPU
		{FA4D846B-E2FE-44D2-AEB0-5ECC8AA5E045}.Release|Any CPU.Build.0 = Release|Any CPU
	EndGlobalSection
	GlobalSection(SolutionProperties) = preSolution
		HideSolutionNode = FALSE
	EndGlobalSection
	GlobalSection(ExtensibilityGlobals) = postSolution
		SolutionGuid = {723CD0AF-9069-4BD4-9E86-9D3C85AB9976}
	EndGlobalSection
EndGlobal
